// !$*UTF8*$!
{
	archiveVersion = 1;
	classes = {
	};
	objectVersion = 50;
	objects = {

/* Begin PBXBuildFile section */
		9D120AF62187F66B00A7BD7E /* QuizCell.swift in Sources */ = {isa = PBXBuildFile; fileRef = 9D120AF52187F66B00A7BD7E /* QuizCell.swift */; };
		9D120AF82187F93700A7BD7E /* AppData.swift in Sources */ = {isa = PBXBuildFile; fileRef = 9D120AF72187F93700A7BD7E /* AppData.swift */; };
		9D120AFA2187FAFC00A7BD7E /* QuestionViewController.swift in Sources */ = {isa = PBXBuildFile; fileRef = 9D120AF92187FAFC00A7BD7E /* QuestionViewController.swift */; };
		9D69995921914B770020CD6D /* AnswerViewController.swift in Sources */ = {isa = PBXBuildFile; fileRef = 9D69995821914B770020CD6D /* AnswerViewController.swift */; };
		9D69995B2191555B0020CD6D /* ResultViewController.swift in Sources */ = {isa = PBXBuildFile; fileRef = 9D69995A2191555B0020CD6D /* ResultViewController.swift */; };
		9DC6B8FB21814B7C0016769F /* AppDelegate.swift in Sources */ = {isa = PBXBuildFile; fileRef = 9DC6B8FA21814B7C0016769F /* AppDelegate.swift */; };
		9DC6B8FD21814B7C0016769F /* ViewController.swift in Sources */ = {isa = PBXBuildFile; fileRef = 9DC6B8FC21814B7C0016769F /* ViewController.swift */; };
		9DC6B90021814B7C0016769F /* Main.storyboard in Resources */ = {isa = PBXBuildFile; fileRef = 9DC6B8FE21814B7C0016769F /* Main.storyboard */; };
		9DC6B90221814B7E0016769F /* Assets.xcassets in Resources */ = {isa = PBXBuildFile; fileRef = 9DC6B90121814B7E0016769F /* Assets.xcassets */; };
		9DC6B90521814B7E0016769F /* LaunchScreen.storyboard in Resources */ = {isa = PBXBuildFile; fileRef = 9DC6B90321814B7E0016769F /* LaunchScreen.storyboard */; };
/* End PBXBuildFile section */

/* Begin PBXFileReference section */
		9D120AF52187F66B00A7BD7E /* QuizCell.swift */ = {isa = PBXFileReference; lastKnownFileType = sourcecode.swift; path = QuizCell.swift; sourceTree = "<group>"; };
		9D120AF72187F93700A7BD7E /* AppData.swift */ = {isa = PBXFileReference; lastKnownFileType = sourcecode.swift; path = AppData.swift; sourceTree = "<group>"; };
		9D120AF92187FAFC00A7BD7E /* QuestionViewController.swift */ = {isa = PBXFileReference; lastKnownFileType = sourcecode.swift; path = QuestionViewController.swift; sourceTree = "<group>"; };
		9D69995821914B770020CD6D /* AnswerViewController.swift */ = {isa = PBXFileReference; lastKnownFileType = sourcecode.swift; path = AnswerViewController.swift; sourceTree = "<group>"; };
		9D69995A2191555B0020CD6D /* ResultViewController.swift */ = {isa = PBXFileReference; lastKnownFileType = sourcecode.swift; path = ResultViewController.swift; sourceTree = "<group>"; };
		9DC6B8F721814B7C0016769F /* iQuiz.app */ = {isa = PBXFileReference; explicitFileType = wrapper.application; includeInIndex = 0; path = iQuiz.app; sourceTree = BUILT_PRODUCTS_DIR; };
		9DC6B8FA21814B7C0016769F /* AppDelegate.swift */ = {isa = PBXFileReference; lastKnownFileType = sourcecode.swift; path = AppDelegate.swift; sourceTree = "<group>"; };
		9DC6B8FC21814B7C0016769F /* ViewController.swift */ = {isa = PBXFileReference; lastKnownFileType = sourcecode.swift; path = ViewController.swift; sourceTree = "<group>"; };
		9DC6B8FF21814B7C0016769F /* Base */ = {isa = PBXFileReference; lastKnownFileType = file.storyboard; name = Base; path = Base.lproj/Main.storyboard; sourceTree = "<group>"; };
		9DC6B90121814B7E0016769F /* Assets.xcassets */ = {isa = PBXFileReference; lastKnownFileType = folder.assetcatalog; path = Assets.xcassets; sourceTree = "<group>"; };
		9DC6B90421814B7E0016769F /* Base */ = {isa = PBXFileReference; lastKnownFileType = file.storyboard; name = Base; path = Base.lproj/LaunchScreen.storyboard; sourceTree = "<group>"; };
		9DC6B90621814B7E0016769F /* Info.plist */ = {isa = PBXFileReference; lastKnownFileType = text.plist.xml; path = Info.plist; sourceTree = "<group>"; };
/* End PBXFileReference section */

/* Begin PBXFrameworksBuildPhase section */
		9DC6B8F421814B7C0016769F /* Frameworks */ = {
			isa = PBXFrameworksBuildPhase;
			buildActionMask = 2147483647;
			files = (
			);
			runOnlyForDeploymentPostprocessing = 0;
		};
/* End PBXFrameworksBuildPhase section */

/* Begin PBXGroup section */
		9DC6B8EE21814B7C0016769F = {
			isa = PBXGroup;
			children = (
				9DC6B8F921814B7C0016769F /* tableView */,
				9DC6B8F821814B7C0016769F /* Products */,
			);
			sourceTree = "<group>";
		};
		9DC6B8F821814B7C0016769F /* Products */ = {
			isa = PBXGroup;
			children = (
				9DC6B8F721814B7C0016769F /* iQuiz.app */,
			);
			name = Products;
			sourceTree = "<group>";
		};
		9DC6B8F921814B7C0016769F /* tableView */ = {
			isa = PBXGroup;
			children = (
				9DC6B8FA21814B7C0016769F /* AppDelegate.swift */,
				9DC6B8FC21814B7C0016769F /* ViewController.swift */,
				9D120AF72187F93700A7BD7E /* AppData.swift */,
				9D120AF92187FAFC00A7BD7E /* QuestionViewController.swift */,
				9DC6B8FE21814B7C0016769F /* Main.storyboard */,
				9D69995A2191555B0020CD6D /* ResultViewController.swift */,
				9D69995821914B770020CD6D /* AnswerViewController.swift */,
				9DC6B90121814B7E0016769F /* Assets.xcassets */,
				9DC6B90321814B7E0016769F /* LaunchScreen.storyboard */,
				9DC6B90621814B7E0016769F /* Info.plist */,
				9D120AF52187F66B00A7BD7E /* QuizCell.swift */,
			);
			path = tableView;
			sourceTree = "<group>";
		};
/* End PBXGroup section */

/* Begin PBXNativeTarget section */
		9DC6B8F621814B7C0016769F /* iQuiz */ = {
			isa = PBXNativeTarget;
			buildConfigurationList = 9DC6B90921814B7E0016769F /* Build configuration list for PBXNativeTarget "iQuiz" */;
			buildPhases = (
				9DC6B8F321814B7C0016769F /* Sources */,
				9DC6B8F421814B7C0016769F /* Frameworks */,
				9DC6B8F521814B7C0016769F /* Resources */,
			);
			buildRules = (
			);
			dependencies = (
			);
			name = iQuiz;
			productName = tableView;
			productReference = 9DC6B8F721814B7C0016769F /* iQuiz.app */;
			productType = "com.apple.product-type.application";
		};
/* End PBXNativeTarget section */

/* Begin PBXProject section */
		9DC6B8EF21814B7C0016769F /* Project object */ = {
			isa = PBXProject;
			attributes = {
				LastSwiftUpdateCheck = 1000;
				LastUpgradeCheck = 1000;
				ORGANIZATIONNAME = stonek9;
				TargetAttributes = {
					9DC6B8F621814B7C0016769F = {
						CreatedOnToolsVersion = 10.0;
					};
				};
			};
			buildConfigurationList = 9DC6B8F221814B7C0016769F /* Build configuration list for PBXProject "iQuiz" */;
			compatibilityVersion = "Xcode 9.3";
			developmentRegion = en;
			hasScannedForEncodings = 0;
			knownRegions = (
				en,
				Base,
			);
			mainGroup = 9DC6B8EE21814B7C0016769F;
			productRefGroup = 9DC6B8F821814B7C0016769F /* Products */;
			projectDirPath = "";
			projectRoot = "";
			targets = (
				9DC6B8F621814B7C0016769F /* iQuiz */,
			);
		};
/* End PBXProject section */

/* Begin PBXResourcesBuildPhase section */
		9DC6B8F521814B7C0016769F /* Resources */ = {
			isa = PBXResourcesBuildPhase;
			buildActionMask = 2147483647;
			files = (
				9DC6B90521814B7E0016769F /* LaunchScreen.storyboard in Resources */,
				9DC6B90221814B7E0016769F /* Assets.xcassets in Resources */,
				9DC6B90021814B7C0016769F /* Main.storyboard in Resources */,
			);
			runOnlyForDeploymentPostprocessing = 0;
		};
/* End PBXResourcesBuildPhase section */

/* Begin PBXSourcesBuildPhase section */
		9DC6B8F321814B7C0016769F /* Sources */ = {
			isa = PBXSourcesBuildPhase;
			buildActionMask = 2147483647;
			files = (
				9D69995921914B770020CD6D /* AnswerViewController.swift in Sources */,
				9D120AF62187F66B00A7BD7E /* QuizCell.swift in Sources */,
				9D69995B2191555B0020CD6D /* ResultViewController.swift in Sources */,
				9D120AFA2187FAFC00A7BD7E /* QuestionViewController.swift in Sources */,
				9DC6B8FD21814B7C0016769F /* ViewController.swift in Sources */,
				9DC6B8FB21814B7C0016769F /* AppDelegate.swift in Sources */,
				9D120AF82187F93700A7BD7E /* AppData.swift in Sources */,
			);
			runOnlyForDeploymentPostprocessing = 0;
		};
/* End PBXSourcesBuildPhase section */

/* Begin PBXVariantGroup section */
		9DC6B8FE21814B7C0016769F /* Main.storyboard */ = {
			isa = PBXVariantGroup;
			children = (
				9DC6B8FF21814B7C0016769F /* Base */,
			);
			name = Main.storyboard;
			sourceTree = "<group>";
		};
		9DC6B90321814B7E0016769F /* LaunchScreen.storyboard */ = {
			isa = PBXVariantGroup;
			children = (
				9DC6B90421814B7E0016769F /* Base */,
			);
			name = LaunchScreen.storyboard;
			sourceTree = "<group>";
		};
/* End PBXVariantGroup section */

/* Begin XCBuildConfiguration section */
		9DC6B90721814B7E0016769F /* Debug */ = {
			isa = XCBuildConfiguration;
			buildSettings = {
				ALWAYS_SEARCH_USER_PATHS = NO;
				CLANG_ANALYZER_NONNULL = YES;
				CLANG_ANALYZER_NUMBER_OBJECT_CONVERSION = YES_AGGRESSIVE;
				CLANG_CXX_LANGUAGE_STANDARD = "gnu++14";
				CLANG_CXX_LIBRARY = "libc++";
				CLANG_ENABLE_MODULES = YES;
				CLANG_ENABLE_OBJC_ARC = YES;
				CLANG_ENABLE_OBJC_WEAK = YES;
				CLANG_WARN_BLOCK_CAPTURE_AUTORELEASING = YES;
				CLANG_WARN_BOOL_CONVERSION = YES;
				CLANG_WARN_COMMA = YES;
				CLANG_WARN_CONSTANT_CONVERSION = YES;
				CLANG_WARN_DEPRECATED_OBJC_IMPLEMENTATIONS = YES;
				CLANG_WARN_DIRECT_OBJC_ISA_USAGE = YES_ERROR;
				CLANG_WARN_DOCUMENTATION_COMMENTS = YES;
				CLANG_WARN_EMPTY_BODY = YES;
				CLANG_WARN_ENUM_CONVERSION = YES;
				CLANG_WARN_INFINITE_RECURSION = YES;
				CLANG_WARN_INT_CONVERSION = YES;
				CLANG_WARN_NON_LITERAL_NULL_CONVERSION = YES;
				CLANG_WARN_OBJC_IMPLICIT_RETAIN_SELF = YES;
				CLANG_WARN_OBJC_LITERAL_CONVERSION = YES;
				CLANG_WARN_OBJC_ROOT_CLASS = YES_ERROR;
				CLANG_WARN_RANGE_LOOP_ANALYSIS = YES;
				CLANG_WARN_STRICT_PROTOTYPES = YES;
				CLANG_WARN_SUSPICIOUS_MOVE = YES;
				CLANG_WARN_UNGUARDED_AVAILABILITY = YES_AGGRESSIVE;
				CLANG_WARN_UNREACHABLE_CODE = YES;
				CLANG_WARN__DUPLICATE_METHOD_MATCH = YES;
				CODE_SIGN_IDENTITY = "iPhone Developer";
				COPY_PHASE_STRIP = NO;
				DEBUG_INFORMATION_FORMAT = dwarf;
				ENABLE_STRICT_OBJC_MSGSEND = YES;
				ENABLE_TESTABILITY = YES;
				GCC_C_LANGUAGE_STANDARD = gnu11;
				GCC_DYNAMIC_NO_PIC = NO;
				GCC_NO_COMMON_BLOCKS = YES;
				GCC_OPTIMIZATION_LEVEL = 0;
				GCC_PREPROCESSOR_DEFINITIONS = (
					"DEBUG=1",
					"$(inherited)",
				);
				GCC_WARN_64_TO_32_BIT_CONVERSION = YES;
				GCC_WARN_ABOUT_RETURN_TYPE = YES_ERROR;
				GCC_WARN_UNDECLARED_SELECTOR = YES;
				GCC_WARN_UNINITIALIZED_AUTOS = YES_AGGRESSIVE;
				GCC_WARN_UNUSED_FUNCTION = YES;
				GCC_WARN_UNUSED_VARIABLE = YES;
				IPHONEOS_DEPLOYMENT_TARGET = 12.0;
				MTL_ENABLE_DEBUG_INFO = INCLUDE_SOURCE;
				MTL_FAST_MATH = YES;
				ONLY_ACTIVE_ARCH = YES;
				SDKROOT = iphoneos;
				SWIFT_ACTIVE_COMPILATION_CONDITIONS = DEBUG;
				SWIFT_OPTIMIZATION_LEVEL = "-Onone";
			};
			name = Debug;
		};
		9DC6B90821814B7E0016769F /* Release */ = {
			isa = XCBuildConfiguration;
			buildSettings = {
				ALWAYS_SEARCH_USER_PATHS = NO;
				CLANG_ANALYZER_NONNULL = YES;
				CLANG_ANALYZER_NUMBER_OBJECT_CONVERSION = YES_AGGRESSIVE;
				CLANG_CXX_LANGUAGE_STANDARD = "gnu++14";
				CLANG_CXX_LIBRARY = "libc++";
				CLANG_ENABLE_MODULES = YES;
				CLANG_ENABLE_OBJC_ARC = YES;
				CLANG_ENABLE_OBJC_WEAK = YES;
				CLANG_WARN_BLOCK_CAPTURE_AUTORELEASING = YES;
				CLANG_WARN_BOOL_CONVERSION = YES;
				CLANG_WARN_COMMA = YES;
				CLANG_WARN_CONSTANT_CONVERSION = YES;
				CLANG_WARN_DEPRECATED_OBJC_IMPLEMENTATIONS = YES;
				CLANG_WARN_DIRECT_OBJC_ISA_USAGE = YES_ERROR;
				CLANG_WARN_DOCUMENTATION_COMMENTS = YES;
				CLANG_WARN_EMPTY_BODY = YES;
				CLANG_WARN_ENUM_CONVERSION = YES;
				CLANG_WARN_INFINITE_RECURSION = YES;
				CLANG_WARN_INT_CONVERSION = YES;
				CLANG_WARN_NON_LITERAL_NULL_CONVERSION = YES;
				CLANG_WARN_OBJC_IMPLICIT_RETAIN_SELF = YES;
				CLANG_WARN_OBJC_LITERAL_CONVERSION = YES;
				CLANG_WARN_OBJC_ROOT_CLASS = YES_ERROR;
				CLANG_WARN_RANGE_LOOP_ANALYSIS = YES;
				CLANG_WARN_STRICT_PROTOTYPES = YES;
				CLANG_WARN_SUSPICIOUS_MOVE = YES;
				CLANG_WARN_UNGUARDED_AVAILABILITY = YES_AGGRESSIVE;
				CLANG_WARN_UNREACHABLE_CODE = YES;
				CLANG_WARN__DUPLICATE_METHOD_MATCH = YES;
				CODE_SIGN_IDENTITY = "iPhone Developer";
				COPY_PHASE_STRIP = NO;
				DEBUG_INFORMATION_FORMAT = "dwarf-with-dsym";
				ENABLE_NS_ASSERTIONS = NO;
				ENABLE_STRICT_OBJC_MSGSEND = YES;
				GCC_C_LANGUAGE_STANDARD = gnu11;
				GCC_NO_COMMON_BLOCKS = YES;
				GCC_WARN_64_TO_32_BIT_CONVERSION = YES;
				GCC_WARN_ABOUT_RETURN_TYPE = YES_ERROR;
				GCC_WARN_UNDECLARED_SELECTOR = YES;
				GCC_WARN_UNINITIALIZED_AUTOS = YES_AGGRESSIVE;
				GCC_WARN_UNUSED_FUNCTION = YES;
				GCC_WARN_UNUSED_VARIABLE = YES;
				IPHONEOS_DEPLOYMENT_TARGET = 12.0;
				MTL_ENABLE_DEBUG_INFO = NO;
				MTL_FAST_MATH = YES;
				SDKROOT = iphoneos;
				SWIFT_COMPILATION_MODE = wholemodule;
				SWIFT_OPTIMIZATION_LEVEL = "-O";
				VALIDATE_PRODUCT = YES;
			};
			name = Release;
		};
		9DC6B90A21814B7E0016769F /* Debug */ = {
			isa = XCBuildConfiguration;
			buildSettings = {
				ASSETCATALOG_COMPILER_APPICON_NAME = AppIcon;
				CODE_SIGN_STYLE = Automatic;
				DEVELOPMENT_TEAM = 5X46U4UAZB;
				INFOPLIST_FILE = tableView/Info.plist;
				LD_RUNPATH_SEARCH_PATHS = (
					"$(inherited)",
					"@executable_path/Frameworks",
				);
				PRODUCT_BUNDLE_IDENTIFIER = edu.uw.stonek9.tableView;
				PRODUCT_NAME = "$(TARGET_NAME)";
				SWIFT_VERSION = 4.2;
				TARGETED_DEVICE_FAMILY = "1,2";
			};
			name = Debug;
		};
		9DC6B90B21814B7E0016769F /* Release */ = {
			isa = XCBuildConfiguration;
			buildSettings = {
				ASSETCATALOG_COMPILER_APPICON_NAME = AppIcon;
				CODE_SIGN_STYLE = Automatic;
				DEVELOPMENT_TEAM = 5X46U4UAZB;
				INFOPLIST_FILE = tableView/Info.plist;
				LD_RUNPATH_SEARCH_PATHS = (
					"$(inherited)",
					"@executable_path/Frameworks",
				);
				PRODUCT_BUNDLE_IDENTIFIER = edu.uw.stonek9.tableView;
				PRODUCT_NAME = "$(TARGET_NAME)";
				SWIFT_VERSION = 4.2;
				TARGETED_DEVICE_FAMILY = "1,2";
			};
			name = Release;
		};
/* End XCBuildConfiguration section */

/* Begin XCConfigurationList section */
		9DC6B8F221814B7C0016769F /* Build configuration list for PBXProject "iQuiz" */ = {
			isa = XCConfigurationList;
			buildConfigurations = (
				9DC6B90721814B7E0016769F /* Debug */,
				9DC6B90821814B7E0016769F /* Release */,
			);
			defaultConfigurationIsVisible = 0;
			defaultConfigurationName = Release;
		};
		9DC6B90921814B7E0016769F /* Build configuration list for PBXNativeTarget "iQuiz" */ = {
			isa = XCConfigurationList;
			buildConfigurations = (
				9DC6B90A21814B7E0016769F /* Debug */,
				9DC6B90B21814B7E0016769F /* Release */,
			);
			defaultConfigurationIsVisible = 0;
			defaultConfigurationName = Release;
		};
/* End XCConfigurationList section */
	};
	rootObject = 9DC6B8EF21814B7C0016769F /* Project object */;
}
